# Prisma Migrate lockfile v1

20201001075851-init
20201001082224-add-user-model
20201003101222-watchlistadded
20201003103314-symboladded
20201226112438-watchsymbolupdated
20201226130016-smstableadded
20201226132747-smsdeleted
20201226132911-smstableadded
20201228101735-amountrangesadded
20201228121408-status-field-added-to-sms